
Microsoft Visual Studio Solution File, Format Version 12.00
# Visual Studio Version 17
VisualStudioVersion = 17.9.34902.65
MinimumVisualStudioVersion = 10.0.40219.1
Project("{9A19103F-16F7-4668-BE54-9A1E7A4F7556}") = "SecurityMarket", "SecurityMarket.csproj", "{4EDAB200-EE7A-475B-8BA2-BE88FE86C077}"
EndProject
Global
	GlobalSection(SolutionConfigurationPlatforms) = preSolution
		Debug|Any CPU = Debug|Any CPU
		Release|Any CPU = Release|Any CPU
	EndGlobalSection
	GlobalSection(ProjectConfigurationPlatforms) = postSolution
		{4EDAB200-EE7A-475B-8BA2-BE88FE86C077}.Debug|Any CPU.ActiveCfg = Debug|Any CPU
		{4EDAB200-EE7A-475B-8BA2-BE88FE86C077}.Debug|Any CPU.Build.0 = Debug|Any CPU
		{4EDAB200-EE7A-475B-8BA2-BE88FE86C077}.Release|Any CPU.ActiveCfg = Release|Any CPU
		{4EDAB200-EE7A-475B-8BA2-BE88FE86C077}.Release|Any CPU.Build.0 = Release|Any CPU
	EndGlobalSection
	GlobalSection(SolutionProperties) = preSolution
		HideSolutionNode = FALSE
	EndGlobalSection
	GlobalSection(ExtensibilityGlobals) = postSolution
		SolutionGuid = {D7D6CE8A-D4AE-448A-8FC1-BA4ACF5ADA7A}
	EndGlobalSection
EndGlobal
